{
  "name": "openeforms-monorepo",
  "lockfileVersion": 3,
  "requires": true,
  "packages": {
    "": {
      "name": "openeforms-monorepo",
      "workspaces": [
        "packages/*"
      ],
      "devDependencies": {
        "@types/node": "^22.10.0",
        "typescript": "^5.7.0"
      },
      "engines": {
        "node": ">=20"
      }
    },
    "node_modules/@openeforms/core": {
      "resolved": "packages/core",
      "link": true
    },
    "node_modules/@openeforms/efx": {
      "resolved": "packages/efx",
      "link": true
    },
    "node_modules/@openeforms/lineage": {
      "resolved": "packages/lineage",
      "link": true
    },
    "node_modules/@openeforms/validate": {
      "resolved": "packages/validate",
      "link": true
    },
    "node_modules/@types/node": {
      "version": "22.20.3",
      "resolved": "https://registry.npmjs.org/@types/node/-/node-22.20.3.tgz",
      "integrity": "sha512-DZmzkmwHzXrLPAXPyKNDzlIwMMUZCVacoD25ywdy5YTKGbOx/2ld+Q38Im2zJ0vBuZP5Prd3VZutKZyXwkOS8A==",
      "dev": true,
      "license": "MIT",
      "dependencies": {
        "undici-types": "~6.21.0"
      }
    },
    "node_modules/fontoxpath": {
      "version": "3.34.0",
      "resolved": "https://registry.npmjs.org/fontoxpath/-/fontoxpath-3.34.0.tgz",
      "integrity": "sha512-7FgBQRohn4WR/2eVdYqZtKBFZkJNaiP4kGdfqS6bAg465og05ixGA2OgfMdxsO1mnX67+64JX/8JKclVqS+bzA==",
      "license": "MIT",
      "dependencies": {
        "prsc": "4.0.0",
        "xspattern": "^3.1.0"
      }
    },
    "node_modules/prsc": {
      "version": "4.0.0",
      "resolved": "https://registry.npmjs.org/prsc/-/prsc-4.0.0.tgz",
      "integrity": "sha512-OmXQ2v76RlXNx/gqv7+oB6jyKnudJ/rsMfAIVexhbDFxXAJPoWKMxJkZU2ohlu4miCiSQCG+horf2DV4/kNc1Q==",
      "license": "MIT"
    },
    "node_modules/saxes": {
      "version": "6.0.0",
      "resolved": "https://registry.npmjs.org/saxes/-/saxes-6.0.0.tgz",
      "integrity": "sha512-xAg7SOnEhrm5zI3puOOKyy1OMcMlIJZYNJY7xLBwSze0UjhPLnWfj2GF2EpT0jmzaJKIWKHLsaSSajf35bcYnA==",
      "license": "ISC",
      "dependencies": {
        "xmlchars": "^2.2.0"
      },
      "engines": {
        "node": ">=v12.22.7"
      }
    },
    "node_modules/slimdom": {
      "version": "4.3.5",
      "resolved": "https://registry.npmjs.org/slimdom/-/slimdom-4.3.5.tgz",
      "integrity": "sha512-MoxdfngDk7nf8Vun0xB2AYBiHv3Qlua3Frf12n8ZLmXtfZoapfAQOKLSMCsemSyEU1UIyd503LJfYKJE+dxDTg==",
      "license": "MIT"
    },
    "node_modules/typescript": {
      "version": "5.9.3",
      "resolved": "https://registry.npmjs.org/typescript/-/typescript-5.9.3.tgz",
      "integrity": "sha512-jl1vZzPDinLr9eUt3J/t7V6FgNEw9QjvBPdysz9KfQDD41fQrC2Y4vKQdiaUpFT4bXlb1RHhLpp8wtm6M5TgSw==",
      "dev": true,
      "license": "Apache-2.0",
      "bin": {
        "tsc": "bin/tsc",
        "tsserver": "bin/tsserver"
      },
      "engines": {
        "node": ">=14.17"
      }
    },
    "node_modules/undici-types": {
      "version": "6.21.0",
      "resolved": "https://registry.npmjs.org/undici-types/-/undici-types-6.21.0.tgz",
      "integrity": "sha512-iwDZqg0QAGrg9Rav5H4n0M64c3mkR59cJ6wQp+7C4nI0gsmExaedaYLNO44eT4AtBBwjbTiGPMlt2Md0T9H9JQ==",
      "dev": true,
      "license": "MIT"
    },
    "node_modules/whynot": {
      "version": "5.0.0",
      "resolved": "https://registry.npmjs.org/whynot/-/whynot-5.0.0.tgz",
      "integrity": "sha512-cGGfDPYYqoHoMWqXVc3G+N74u1FhFhrBa+pOO906b9ktRc/JFUdwroTkfPqjKzyoCLVcKr6yy6bYIcWT7jTg2A==",
      "license": "MIT"
    },
    "node_modules/xmlchars": {
      "version": "2.2.0",
      "resolved": "https://registry.npmjs.org/xmlchars/-/xmlchars-2.2.0.tgz",
      "integrity": "sha512-JZnDKK8B0RCDw84FNdDAIpZK+JuJw+s7Lz8nksI7SIuU3UXJJslUthsi+uWBUYOwPFwW7W7PRLRfUKpxjtjFCw==",
      "license": "MIT"
    },
    "node_modules/xspattern": {
      "version": "3.1.0",
      "resolved": "https://registry.npmjs.org/xspattern/-/xspattern-3.1.0.tgz",
      "integrity": "sha512-rxtOX8ORJizRqswIdZ72G3thKrHd0Q+TvyUCMByc5VdjDz1nkuZKfPXM3xGdrGi0fwEy+DDJN7DqtAZ06Re4bA==",
      "license": "MIT",
      "dependencies": {
        "whynot": "^5.0.0"
      }
    },
    "packages/core": {
      "name": "@openeforms/core",
      "version": "0.1.0",
      "license": "MIT",
      "dependencies": {
        "saxes": "^6.0.0"
      },
      "engines": {
        "node": ">=20"
      }
    },
    "packages/efx": {
      "name": "@openeforms/efx",
      "version": "0.1.0",
      "license": "MIT",
      "engines": {
        "node": ">=20"
      }
    },
    "packages/lineage": {
      "name": "@openeforms/lineage",
      "version": "0.1.0",
      "license": "MIT",
      "dependencies": {
        "@openeforms/core": "0.1.0"
      },
      "engines": {
        "node": ">=20"
      }
    },
    "packages/validate": {
      "name": "@openeforms/validate",
      "version": "0.1.0",
      "license": "MIT",
      "dependencies": {
        "fontoxpath": "^3.34.0",
        "slimdom": "^4.3.5"
      },
      "engines": {
        "node": ">=20"
      }
    }
  }
}
